
Microsoft Visual Studio Solution File, Format Version 12.00
# Visual Studio Version 17
VisualStudioVersion = 17.1.32228.430
MinimumVisualStudioVersion = 10.0.40219.1
Project("{FAE04EC0-301F-11D3-BF4B-00C04F79EFBC}") = "EntityMimarisi", "EntityMimarisi\EntityMimarisi.csproj", "{A1E7EB5C-7088-464E-8D3B-94875F498D80}"
EndProject
Global
	GlobalSection(SolutionConfigurationPlatforms) = preSolution
		Debug|Any CPU = Debug|Any CPU
		Release|Any CPU = Release|Any CPU
	EndGlobalSection
	GlobalSection(ProjectConfigurationPlatforms) = postSolution
		{A1E7EB5C-7088-464E-8D3B-94875F498D80}.Debug|Any CPU.ActiveCfg = Debug|Any CPU
		{A1E7EB5C-7088-464E-8D3B-94875F498D80}.Debug|Any CPU.Build.0 = Debug|Any CPU
		{A1E7EB5C-7088-464E-8D3B-94875F498D80}.Release|Any CPU.ActiveCfg = Release|Any CPU
		{A1E7EB5C-7088-464E-8D3B-94875F498D80}.Release|Any CPU.Build.0 = Release|Any CPU
	EndGlobalSection
	GlobalSection(SolutionProperties) = preSolution
		HideSolutionNode = FALSE
	EndGlobalSection
	GlobalSection(ExtensibilityGlobals) = postSolution
		SolutionGuid = {C1D0EAAE-AF9D-439E-B32E-92C94EAE2597}
	EndGlobalSection
EndGlobal
